
Microsoft Visual Studio Solution File, Format Version 12.00
# Visual Studio 2012
Project("{FAE04EC0-301F-11D3-BF4B-00C04F79EFBC}") = "ClientCabinet.Common", "ClientCabinet.Common\ClientCabinet.Common.csproj", "{4FB8F2A5-4DB1-4231-A007-C94B734ECC82}"
EndProject
Project("{FAE04EC0-301F-11D3-BF4B-00C04F79EFBC}") = "ClientCabinet.Portal.Web", "ClientCabinet.Portal.Web\ClientCabinet.Portal.Web.csproj", "{AED66B1E-C916-4EA3-A8A8-230EEDA24243}"
EndProject
Project("{FAE04EC0-301F-11D3-BF4B-00C04F79EFBC}") = "ClientCabinet.WebSevices", "ClientCabinet.WebSevices\ClientCabinet.WebSevices.csproj", "{FC6968FC-87FD-45E4-8666-DFD684639BC8}"
EndProject
Project("{FAE04EC0-301F-11D3-BF4B-00C04F79EFBC}") = "ClientCabinet.WinClient", "ClientCabinet.WinClient\ClientCabinet.WinClient.csproj", "{5049572D-8D4E-48F7-944D-077C10B81639}"
EndProject
Project("{FAE04EC0-301F-11D3-BF4B-00C04F79EFBC}") = "ClientCabinet.Admin.Web", "ClientCabinet.Admin.Web\ClientCabinet.Admin.Web.csproj", "{06355218-172D-470F-9DA5-713E4580272E}"
EndProject
Project("{2150E333-8FDC-42A3-9474-1A3956D46DE8}") = ".build", ".build", "{2167BEA5-9DF3-4B7F-BF8F-26796F80A8AA}"
	ProjectSection(SolutionItems) = preProject
		Build.proj = Build.proj
		.build\MSBuild.Community.Tasks.dll = .build\MSBuild.Community.Tasks.dll
		.build\MSBuild.Community.Tasks.targets = .build\MSBuild.Community.Tasks.targets
	EndProjectSection
EndProject
Global
	GlobalSection(SolutionConfigurationPlatforms) = preSolution
		Debug|Any CPU = Debug|Any CPU
		Release|Any CPU = Release|Any CPU
	EndGlobalSection
	GlobalSection(ProjectConfigurationPlatforms) = postSolution
		{4FB8F2A5-4DB1-4231-A007-C94B734ECC82}.Debug|Any CPU.ActiveCfg = Debug|Any CPU
		{4FB8F2A5-4DB1-4231-A007-C94B734ECC82}.Debug|Any CPU.Build.0 = Debug|Any CPU
		{4FB8F2A5-4DB1-4231-A007-C94B734ECC82}.Release|Any CPU.ActiveCfg = Release|Any CPU
		{4FB8F2A5-4DB1-4231-A007-C94B734ECC82}.Release|Any CPU.Build.0 = Release|Any CPU
		{AED66B1E-C916-4EA3-A8A8-230EEDA24243}.Debug|Any CPU.ActiveCfg = Debug|Any CPU
		{AED66B1E-C916-4EA3-A8A8-230EEDA24243}.Debug|Any CPU.Build.0 = Debug|Any CPU
		{AED66B1E-C916-4EA3-A8A8-230EEDA24243}.Release|Any CPU.ActiveCfg = Release|Any CPU
		{AED66B1E-C916-4EA3-A8A8-230EEDA24243}.Release|Any CPU.Build.0 = Release|Any CPU
		{FC6968FC-87FD-45E4-8666-DFD684639BC8}.Debug|Any CPU.ActiveCfg = Debug|Any CPU
		{FC6968FC-87FD-45E4-8666-DFD684639BC8}.Debug|Any CPU.Build.0 = Debug|Any CPU
		{FC6968FC-87FD-45E4-8666-DFD684639BC8}.Release|Any CPU.ActiveCfg = Release|Any CPU
		{FC6968FC-87FD-45E4-8666-DFD684639BC8}.Release|Any CPU.Build.0 = Release|Any CPU
		{5049572D-8D4E-48F7-944D-077C10B81639}.Debug|Any CPU.ActiveCfg = Debug|Any CPU
		{5049572D-8D4E-48F7-944D-077C10B81639}.Debug|Any CPU.Build.0 = Debug|Any CPU
		{5049572D-8D4E-48F7-944D-077C10B81639}.Release|Any CPU.ActiveCfg = Release|Any CPU
		{5049572D-8D4E-48F7-944D-077C10B81639}.Release|Any CPU.Build.0 = Release|Any CPU
		{06355218-172D-470F-9DA5-713E4580272E}.Debug|Any CPU.ActiveCfg = Debug|Any CPU
		{06355218-172D-470F-9DA5-713E4580272E}.Debug|Any CPU.Build.0 = Debug|Any CPU
		{06355218-172D-470F-9DA5-713E4580272E}.Release|Any CPU.ActiveCfg = Release|Any CPU
		{06355218-172D-470F-9DA5-713E4580272E}.Release|Any CPU.Build.0 = Release|Any CPU
	EndGlobalSection
	GlobalSection(SolutionProperties) = preSolution
		HideSolutionNode = FALSE
	EndGlobalSection
EndGlobal
